{
  "originHash" : "a9893aef11e01e2a219047113de51a97e0a6ec914bac1fff0afedf34ccb6f8d1",
  "pins" : [
    {
      "identity" : "emacs-swift-module",
      "kind" : "remoteSourceControl",
      "location" : "https://github.com/SavchenkoValeriy/emacs-swift-module.git",
      "state" : {
        "branch" : "main",
        "revision" : "00d8bd6c2d001aba8eed000e45385195e8d42d26"
      }
    },
    {
      "identity" : "swift-argument-parser",
      "kind" : "remoteSourceControl",
      "location" : "https://github.com/apple/swift-argument-parser",
      "state" : {
        "revision" : "c5d11a805e765f52ba34ec7284bd4fcd6ba68615",
        "version" : "1.7.0"
      }
    },
    {
      "identity" : "swiftterm",
      "kind" : "remoteSourceControl",
      "location" : "https://github.com/migueldeicaza/SwiftTerm.git",
      "state" : {
        "revision" : "b1262db5b6bea699a8260a8c66999436c508ca56",
        "version" : "1.11.2"
      }
    }
  ],
  "version" : 3
}
