// !$*UTF8*$!
{
	archiveVersion = 1;
	classes = {
	};
	objectVersion = 77;
	objects = {

/* Begin PBXBuildFile section */
		4577A028FB67BA9E9E126B77 /* HyaloKit in Embed Frameworks */ = {isa = PBXBuildFile; productRef = D1D459F35B16D1151E3B124D /* HyaloKit */; settings = {ATTRIBUTES = (CodeSignOnCopy, RemoveHeadersOnCopy, ); }; };
		A6389E2B0859F432D9B048D6 /* HyaloKit in Frameworks */ = {isa = PBXBuildFile; productRef = D1D459F35B16D1151E3B124D /* HyaloKit */; };
		DCD97F73784BC6436C7EAB7C /* HyaloApp.swift in Sources */ = {isa = PBXBuildFile; fileRef = 08A2E9FB4F9014FAE1BBC012 /* HyaloApp.swift */; };
/* End PBXBuildFile section */

/* Begin PBXCopyFilesBuildPhase section */
		6D0CC27FC85D03BC47871E36 /* Embed Frameworks */ = {
			isa = PBXCopyFilesBuildPhase;
			buildActionMask = 2147483647;
			dstPath = "";
			dstSubfolderSpec = 10;
			files = (
				4577A028FB67BA9E9E126B77 /* HyaloKit in Embed Frameworks */,
			);
			name = "Embed Frameworks";
			runOnlyForDeploymentPostprocessing = 0;
		};
/* End PBXCopyFilesBuildPhase section */

/* Begin PBXFileReference section */
		08A2E9FB4F9014FAE1BBC012 /* HyaloApp.swift */ = {isa = PBXFileReference; lastKnownFileType = sourcecode.swift; path = HyaloApp.swift; sourceTree = "<group>"; };
		1AF444CA187066AD1EEC63EF /* HyaloApp.app */ = {isa = PBXFileReference; includeInIndex = 0; lastKnownFileType = wrapper.application; path = HyaloApp.app; sourceTree = BUILT_PRODUCTS_DIR; };
		281EE1BFED60AB1CC3E2C14A /* hyalo-unified */ = {isa = PBXFileReference; lastKnownFileType = folder; name = "hyalo-unified"; path = ..; sourceTree = SOURCE_ROOT; };
/* End PBXFileReference section */

/* Begin PBXFrameworksBuildPhase section */
		AEBA2FDF2156842BF3049AB8 /* Frameworks */ = {
			isa = PBXFrameworksBuildPhase;
			buildActionMask = 2147483647;
			files = (
				A6389E2B0859F432D9B048D6 /* HyaloKit in Frameworks */,
			);
			runOnlyForDeploymentPostprocessing = 0;
		};
/* End PBXFrameworksBuildPhase section */

/* Begin PBXGroup section */
		73EA0001359E110F129C2F58 /* Products */ = {
			isa = PBXGroup;
			children = (
				1AF444CA187066AD1EEC63EF /* HyaloApp.app */,
			);
			name = Products;
			sourceTree = "<group>";
		};
		8086B43D7B28E292D837986A /* Sources */ = {
			isa = PBXGroup;
			children = (
				08A2E9FB4F9014FAE1BBC012 /* HyaloApp.swift */,
			);
			name = Sources;
			path = HyaloApp/Sources;
			sourceTree = "<group>";
		};
		84D678ED44E446DD6F64D546 = {
			isa = PBXGroup;
			children = (
				87F947BC019B78B01B092184 /* Packages */,
				8086B43D7B28E292D837986A /* Sources */,
				73EA0001359E110F129C2F58 /* Products */,
			);
			sourceTree = "<group>";
		};
		87F947BC019B78B01B092184 /* Packages */ = {
			isa = PBXGroup;
			children = (
				281EE1BFED60AB1CC3E2C14A /* hyalo-unified */,
			);
			name = Packages;
			sourceTree = "<group>";
		};
/* End PBXGroup section */

/* Begin PBXNativeTarget section */
		38CDD1BCC2273F3FD0E41046 /* HyaloApp */ = {
			isa = PBXNativeTarget;
			buildConfigurationList = C9BCCB2E087C203A10FF7B16 /* Build configuration list for PBXNativeTarget "HyaloApp" */;
			buildPhases = (
				625E929F79AAF34E643C9979 /* Sources */,
				AEBA2FDF2156842BF3049AB8 /* Frameworks */,
				6D0CC27FC85D03BC47871E36 /* Embed Frameworks */,
			);
			buildRules = (
			);
			dependencies = (
			);
			name = HyaloApp;
			packageProductDependencies = (
				D1D459F35B16D1151E3B124D /* HyaloKit */,
			);
			productName = HyaloApp;
			productReference = 1AF444CA187066AD1EEC63EF /* HyaloApp.app */;
			productType = "com.apple.product-type.application";
		};
/* End PBXNativeTarget section */

/* Begin PBXProject section */
		7E01AA106C21D7A2D6C77205 /* Project object */ = {
			isa = PBXProject;
			attributes = {
				BuildIndependentTargetsInParallel = YES;
				LastUpgradeCheck = 1430;
			};
			buildConfigurationList = 2194D8DE6162D91AF1913742 /* Build configuration list for PBXProject "HyaloApp" */;
			compatibilityVersion = "Xcode 14.0";
			developmentRegion = en;
			hasScannedForEncodings = 0;
			knownRegions = (
				Base,
				en,
			);
			mainGroup = 84D678ED44E446DD6F64D546;
			minimizedProjectReferenceProxies = 1;
			packageReferences = (
				4C63E7AD39945E23CB552ED7 /* XCLocalSwiftPackageReference ".." */,
			);
			preferredProjectObjectVersion = 77;
			projectDirPath = "";
			projectRoot = "";
			targets = (
				38CDD1BCC2273F3FD0E41046 /* HyaloApp */,
			);
		};
/* End PBXProject section */

/* Begin PBXSourcesBuildPhase section */
		625E929F79AAF34E643C9979 /* Sources */ = {
			isa = PBXSourcesBuildPhase;
			buildActionMask = 2147483647;
			files = (
				DCD97F73784BC6436C7EAB7C /* HyaloApp.swift in Sources */,
			);
			runOnlyForDeploymentPostprocessing = 0;
		};
/* End PBXSourcesBuildPhase section */

/* Begin XCBuildConfiguration section */
		2125CB82619316E8443EC19E /* Debug */ = {
			isa = XCBuildConfiguration;
			buildSettings = {
				ASSETCATALOG_COMPILER_APPICON_NAME = AppIcon;
				CODE_SIGN_IDENTITY = "iPhone Developer";
				HEADER_SEARCH_PATHS = (
					"$(inherited)",
					"$(SRCROOT)/../../hyalo-feedstock-unified/emacs/src",
					"$(SRCROOT)/../../hyalo-feedstock-unified/ios",
				);
				INFOPLIST_FILE = Info.plist;
				LD_RUNPATH_SEARCH_PATHS = (
					"$(inherited)",
					"@executable_path/Frameworks",
				);
				LIBRARY_SEARCH_PATHS = (
					"$(inherited)",
					"$(SRCROOT)/../../hyalo-feedstock-unified/emacs/src",
					"$(SRCROOT)/../../hyalo-feedstock-unified/ios-sim-deps/lib",
				);
				"OTHER_LDFLAGS[sdk=iphoneos*]" = (
					"-force_load",
					"$(SRCROOT)/../../hyalo-feedstock-unified/emacs/src/libemacs.a",
					"-lxml2",
					"-ljansson",
					"-lgmp",
					"-lgnutls",
					"-lnettle",
					"-ltasn1",
					"-lz",
					"-liconv",
					"-framework UIKit",
					"-framework CoreGraphics",
					"-framework CoreText",
					"-framework QuartzCore",
				);
				"OTHER_LDFLAGS[sdk=iphonesimulator*]" = (
					"-framework UIKit",
					"-framework CoreGraphics",
					"-framework CoreText",
					"-framework QuartzCore",
				);
				PRODUCT_BUNDLE_IDENTIFIER = org.gnu.hyalo;
				PRODUCT_NAME = Hyalo;
				SDKROOT = iphoneos;
				SWIFT_OBJC_BRIDGING_HEADER = HyaloApp/BridgingHeader.h;
				SWIFT_VERSION = 5.0;
				TARGETED_DEVICE_FAMILY = "1,2";
			};
			name = Debug;
		};
		BEC2297275CDC605A44D5404 /* Debug */ = {
			isa = XCBuildConfiguration;
			buildSettings = {
				ALWAYS_SEARCH_USER_PATHS = NO;
				CLANG_ANALYZER_NONNULL = YES;
				CLANG_ANALYZER_NUMBER_OBJECT_CONVERSION = YES_AGGRESSIVE;
				CLANG_CXX_LANGUAGE_STANDARD = "gnu++14";
				CLANG_CXX_LIBRARY = "libc++";
				CLANG_ENABLE_MODULES = YES;
				CLANG_ENABLE_OBJC_ARC = YES;
				CLANG_ENABLE_OBJC_WEAK = YES;
				CLANG_WARN_BLOCK_CAPTURE_AUTORELEASING = YES;
				CLANG_WARN_BOOL_CONVERSION = YES;
				CLANG_WARN_COMMA = YES;
				CLANG_WARN_CONSTANT_CONVERSION = YES;
				CLANG_WARN_DEPRECATED_OBJC_IMPLEMENTATIONS = YES;
				CLANG_WARN_DIRECT_OBJC_ISA_USAGE = YES_ERROR;
				CLANG_WARN_DOCUMENTATION_COMMENTS = YES;
				CLANG_WARN_EMPTY_BODY = YES;
				CLANG_WARN_ENUM_CONVERSION = YES;
				CLANG_WARN_INFINITE_RECURSION = YES;
				CLANG_WARN_INT_CONVERSION = YES;
				CLANG_WARN_NON_LITERAL_NULL_CONVERSION = YES;
				CLANG_WARN_OBJC_IMPLICIT_RETAIN_SELF = YES;
				CLANG_WARN_OBJC_LITERAL_CONVERSION = YES;
				CLANG_WARN_OBJC_ROOT_CLASS = YES_ERROR;
				CLANG_WARN_QUOTED_INCLUDE_IN_FRAMEWORK_HEADER = YES;
				CLANG_WARN_RANGE_LOOP_ANALYSIS = YES;
				CLANG_WARN_STRICT_PROTOTYPES = YES;
				CLANG_WARN_SUSPICIOUS_MOVE = YES;
				CLANG_WARN_UNGUARDED_AVAILABILITY = YES_AGGRESSIVE;
				CLANG_WARN_UNREACHABLE_CODE = YES;
				CLANG_WARN__DUPLICATE_METHOD_MATCH = YES;
				COPY_PHASE_STRIP = NO;
				DEBUG_INFORMATION_FORMAT = dwarf;
				ENABLE_STRICT_OBJC_MSGSEND = YES;
				ENABLE_TESTABILITY = YES;
				GCC_C_LANGUAGE_STANDARD = gnu11;
				GCC_DYNAMIC_NO_PIC = NO;
				GCC_NO_COMMON_BLOCKS = YES;
				GCC_OPTIMIZATION_LEVEL = 0;
				GCC_PREPROCESSOR_DEFINITIONS = (
					"$(inherited)",
					"DEBUG=1",
				);
				GCC_WARN_64_TO_32_BIT_CONVERSION = YES;
				GCC_WARN_ABOUT_RETURN_TYPE = YES_ERROR;
				GCC_WARN_UNDECLARED_SELECTOR = YES;
				GCC_WARN_UNINITIALIZED_AUTOS = YES_AGGRESSIVE;
				GCC_WARN_UNUSED_FUNCTION = YES;
				GCC_WARN_UNUSED_VARIABLE = YES;
				IPHONEOS_DEPLOYMENT_TARGET = 26.0;
				MTL_ENABLE_DEBUG_INFO = INCLUDE_SOURCE;
				MTL_FAST_MATH = YES;
				ONLY_ACTIVE_ARCH = YES;
				PRODUCT_NAME = "$(TARGET_NAME)";
				SDKROOT = iphoneos;
				SWIFT_ACTIVE_COMPILATION_CONDITIONS = DEBUG;
				SWIFT_OPTIMIZATION_LEVEL = "-Onone";
				SWIFT_VERSION = 5.0;
			};
			name = Debug;
		};
		F36FBA266349D0E0A8F9B59D /* Release */ = {
			isa = XCBuildConfiguration;
			buildSettings = {
				ALWAYS_SEARCH_USER_PATHS = NO;
				CLANG_ANALYZER_NONNULL = YES;
				CLANG_ANALYZER_NUMBER_OBJECT_CONVERSION = YES_AGGRESSIVE;
				CLANG_CXX_LANGUAGE_STANDARD = "gnu++14";
				CLANG_CXX_LIBRARY = "libc++";
				CLANG_ENABLE_MODULES = YES;
				CLANG_ENABLE_OBJC_ARC = YES;
				CLANG_ENABLE_OBJC_WEAK = YES;
				CLANG_WARN_BLOCK_CAPTURE_AUTORELEASING = YES;
				CLANG_WARN_BOOL_CONVERSION = YES;
				CLANG_WARN_COMMA = YES;
				CLANG_WARN_CONSTANT_CONVERSION = YES;
				CLANG_WARN_DEPRECATED_OBJC_IMPLEMENTATIONS = YES;
				CLANG_WARN_DIRECT_OBJC_ISA_USAGE = YES_ERROR;
				CLANG_WARN_DOCUMENTATION_COMMENTS = YES;
				CLANG_WARN_EMPTY_BODY = YES;
				CLANG_WARN_ENUM_CONVERSION = YES;
				CLANG_WARN_INFINITE_RECURSION = YES;
				CLANG_WARN_INT_CONVERSION = YES;
				CLANG_WARN_NON_LITERAL_NULL_CONVERSION = YES;
				CLANG_WARN_OBJC_IMPLICIT_RETAIN_SELF = YES;
				CLANG_WARN_OBJC_LITERAL_CONVERSION = YES;
				CLANG_WARN_OBJC_ROOT_CLASS = YES_ERROR;
				CLANG_WARN_QUOTED_INCLUDE_IN_FRAMEWORK_HEADER = YES;
				CLANG_WARN_RANGE_LOOP_ANALYSIS = YES;
				CLANG_WARN_STRICT_PROTOTYPES = YES;
				CLANG_WARN_SUSPICIOUS_MOVE = YES;
				CLANG_WARN_UNGUARDED_AVAILABILITY = YES_AGGRESSIVE;
				CLANG_WARN_UNREACHABLE_CODE = YES;
				CLANG_WARN__DUPLICATE_METHOD_MATCH = YES;
				COPY_PHASE_STRIP = NO;
				DEBUG_INFORMATION_FORMAT = "dwarf-with-dsym";
				ENABLE_NS_ASSERTIONS = NO;
				ENABLE_STRICT_OBJC_MSGSEND = YES;
				GCC_C_LANGUAGE_STANDARD = gnu11;
				GCC_NO_COMMON_BLOCKS = YES;
				GCC_WARN_64_TO_32_BIT_CONVERSION = YES;
				GCC_WARN_ABOUT_RETURN_TYPE = YES_ERROR;
				GCC_WARN_UNDECLARED_SELECTOR = YES;
				GCC_WARN_UNINITIALIZED_AUTOS = YES_AGGRESSIVE;
				GCC_WARN_UNUSED_FUNCTION = YES;
				GCC_WARN_UNUSED_VARIABLE = YES;
				IPHONEOS_DEPLOYMENT_TARGET = 26.0;
				MTL_ENABLE_DEBUG_INFO = NO;
				MTL_FAST_MATH = YES;
				PRODUCT_NAME = "$(TARGET_NAME)";
				SDKROOT = iphoneos;
				SWIFT_COMPILATION_MODE = wholemodule;
				SWIFT_OPTIMIZATION_LEVEL = "-O";
				SWIFT_VERSION = 5.0;
			};
			name = Release;
		};
		FA8A906B99F3EB704165A2E1 /* Release */ = {
			isa = XCBuildConfiguration;
			buildSettings = {
				ASSETCATALOG_COMPILER_APPICON_NAME = AppIcon;
				CODE_SIGN_IDENTITY = "iPhone Developer";
				HEADER_SEARCH_PATHS = (
					"$(inherited)",
					"$(SRCROOT)/../../hyalo-feedstock-unified/emacs/src",
					"$(SRCROOT)/../../hyalo-feedstock-unified/ios",
				);
				INFOPLIST_FILE = Info.plist;
				LD_RUNPATH_SEARCH_PATHS = (
					"$(inherited)",
					"@executable_path/Frameworks",
				);
				LIBRARY_SEARCH_PATHS = (
					"$(inherited)",
					"$(SRCROOT)/../../hyalo-feedstock-unified/emacs/src",
					"$(SRCROOT)/../../hyalo-feedstock-unified/ios-sim-deps/lib",
				);
				"OTHER_LDFLAGS[sdk=iphoneos*]" = (
					"-force_load",
					"$(SRCROOT)/../../hyalo-feedstock-unified/emacs/src/libemacs.a",
					"-lxml2",
					"-ljansson",
					"-lgmp",
					"-lgnutls",
					"-lnettle",
					"-ltasn1",
					"-lz",
					"-liconv",
					"-framework UIKit",
					"-framework CoreGraphics",
					"-framework CoreText",
					"-framework QuartzCore",
				);
				"OTHER_LDFLAGS[sdk=iphonesimulator*]" = (
					"-framework UIKit",
					"-framework CoreGraphics",
					"-framework CoreText",
					"-framework QuartzCore",
				);
				PRODUCT_BUNDLE_IDENTIFIER = org.gnu.hyalo;
				PRODUCT_NAME = Hyalo;
				SDKROOT = iphoneos;
				SWIFT_OBJC_BRIDGING_HEADER = HyaloApp/BridgingHeader.h;
				SWIFT_VERSION = 5.0;
				TARGETED_DEVICE_FAMILY = "1,2";
			};
			name = Release;
		};
/* End XCBuildConfiguration section */

/* Begin XCConfigurationList section */
		2194D8DE6162D91AF1913742 /* Build configuration list for PBXProject "HyaloApp" */ = {
			isa = XCConfigurationList;
			buildConfigurations = (
				BEC2297275CDC605A44D5404 /* Debug */,
				F36FBA266349D0E0A8F9B59D /* Release */,
			);
			defaultConfigurationIsVisible = 0;
			defaultConfigurationName = Debug;
		};
		C9BCCB2E087C203A10FF7B16 /* Build configuration list for PBXNativeTarget "HyaloApp" */ = {
			isa = XCConfigurationList;
			buildConfigurations = (
				2125CB82619316E8443EC19E /* Debug */,
				FA8A906B99F3EB704165A2E1 /* Release */,
			);
			defaultConfigurationIsVisible = 0;
			defaultConfigurationName = Debug;
		};
/* End XCConfigurationList section */

/* Begin XCLocalSwiftPackageReference section */
		4C63E7AD39945E23CB552ED7 /* XCLocalSwiftPackageReference ".." */ = {
			isa = XCLocalSwiftPackageReference;
			relativePath = ..;
		};
/* End XCLocalSwiftPackageReference section */

/* Begin XCSwiftPackageProductDependency section */
		D1D459F35B16D1151E3B124D /* HyaloKit */ = {
			isa = XCSwiftPackageProductDependency;
			productName = HyaloKit;
		};
/* End XCSwiftPackageProductDependency section */
	};
	rootObject = 7E01AA106C21D7A2D6C77205 /* Project object */;
}
